
Microsoft Visual Studio Solution File, Format Version 12.00
# Visual Studio Version 16
VisualStudioVersion = 16.0.29728.190
MinimumVisualStudioVersion = 10.0.40219.1
Project("{9A19103F-16F7-4668-BE54-9A1E7A4F7556}") = "Files_Test", "Files\Files_Test.csproj", "{F0952257-4447-4EBE-AD1E-EBAD48D40333}"
EndProject
Project("{FAE04EC0-301F-11D3-BF4B-00C04F79EFBC}") = "Files_SyncFolders", "Files_SyncFolders\Files_SyncFolders.csproj", "{33F31FEC-55E8-4D62-851A-9E8EB74CA8C9}"
EndProject
Global
	GlobalSection(SolutionConfigurationPlatforms) = preSolution
		Debug|Any CPU = Debug|Any CPU
		Release|Any CPU = Release|Any CPU
	EndGlobalSection
	GlobalSection(ProjectConfigurationPlatforms) = postSolution
		{F0952257-4447-4EBE-AD1E-EBAD48D40333}.Debug|Any CPU.ActiveCfg = Debug|Any CPU
		{F0952257-4447-4EBE-AD1E-EBAD48D40333}.Debug|Any CPU.Build.0 = Debug|Any CPU
		{F0952257-4447-4EBE-AD1E-EBAD48D40333}.Release|Any CPU.ActiveCfg = Release|Any CPU
		{F0952257-4447-4EBE-AD1E-EBAD48D40333}.Release|Any CPU.Build.0 = Release|Any CPU
		{33F31FEC-55E8-4D62-851A-9E8EB74CA8C9}.Debug|Any CPU.ActiveCfg = Debug|Any CPU
		{33F31FEC-55E8-4D62-851A-9E8EB74CA8C9}.Debug|Any CPU.Build.0 = Debug|Any CPU
		{33F31FEC-55E8-4D62-851A-9E8EB74CA8C9}.Release|Any CPU.ActiveCfg = Release|Any CPU
		{33F31FEC-55E8-4D62-851A-9E8EB74CA8C9}.Release|Any CPU.Build.0 = Release|Any CPU
	EndGlobalSection
	GlobalSection(SolutionProperties) = preSolution
		HideSolutionNode = FALSE
	EndGlobalSection
	GlobalSection(ExtensibilityGlobals) = postSolution
		SolutionGuid = {18A43118-4AB8-4931-996D-24DE592986C3}
	EndGlobalSection
EndGlobal
